
Microsoft Visual Studio Solution File, Format Version 12.00
# Visual Studio Version 17
VisualStudioVersion = 17.4.33213.308
MinimumVisualStudioVersion = 10.0.40219.1
Project("{9A19103F-16F7-4668-BE54-9A1E7A4F7556}") = "backend-part", "backend-part\backend-part.csproj", "{FFA37193-CFF8-4AFE-B4F7-6CA6B54B1ED2}"
EndProject
Project("{9A19103F-16F7-4668-BE54-9A1E7A4F7556}") = "backend-part.DATAACCESS", "backend-part.DATAACCESS\backend-part.DATAACCESS.csproj", "{2C1CDD48-A03C-4867-BD53-BB42BFD42DBA}"
EndProject
Project("{9A19103F-16F7-4668-BE54-9A1E7A4F7556}") = "backend-part.MODELS", "backend-part.MODELS\backend-part.MODELS.csproj", "{A5959F18-C5D2-4079-A5AF-639E13BAC931}"
EndProject
Project("{9A19103F-16F7-4668-BE54-9A1E7A4F7556}") = "backend-part.SERVICES", "backend-part.SERVICES\backend-part.SERVICES.csproj", "{2CC9EC46-FE98-446B-B78B-19DB766EDEF4}"
EndProject
Global
	GlobalSection(SolutionConfigurationPlatforms) = preSolution
		Debug|Any CPU = Debug|Any CPU
		Release|Any CPU = Release|Any CPU
	EndGlobalSection
	GlobalSection(ProjectConfigurationPlatforms) = postSolution
		{FFA37193-CFF8-4AFE-B4F7-6CA6B54B1ED2}.Debug|Any CPU.ActiveCfg = Debug|Any CPU
		{FFA37193-CFF8-4AFE-B4F7-6CA6B54B1ED2}.Debug|Any CPU.Build.0 = Debug|Any CPU
		{FFA37193-CFF8-4AFE-B4F7-6CA6B54B1ED2}.Release|Any CPU.ActiveCfg = Release|Any CPU
		{FFA37193-CFF8-4AFE-B4F7-6CA6B54B1ED2}.Release|Any CPU.Build.0 = Release|Any CPU
		{2C1CDD48-A03C-4867-BD53-BB42BFD42DBA}.Debug|Any CPU.ActiveCfg = Debug|Any CPU
		{2C1CDD48-A03C-4867-BD53-BB42BFD42DBA}.Debug|Any CPU.Build.0 = Debug|Any CPU
		{2C1CDD48-A03C-4867-BD53-BB42BFD42DBA}.Release|Any CPU.ActiveCfg = Release|Any CPU
		{2C1CDD48-A03C-4867-BD53-BB42BFD42DBA}.Release|Any CPU.Build.0 = Release|Any CPU
		{A5959F18-C5D2-4079-A5AF-639E13BAC931}.Debug|Any CPU.ActiveCfg = Debug|Any CPU
		{A5959F18-C5D2-4079-A5AF-639E13BAC931}.Debug|Any CPU.Build.0 = Debug|Any CPU
		{A5959F18-C5D2-4079-A5AF-639E13BAC931}.Release|Any CPU.ActiveCfg = Release|Any CPU
		{A5959F18-C5D2-4079-A5AF-639E13BAC931}.Release|Any CPU.Build.0 = Release|Any CPU
		{2CC9EC46-FE98-446B-B78B-19DB766EDEF4}.Debug|Any CPU.ActiveCfg = Debug|Any CPU
		{2CC9EC46-FE98-446B-B78B-19DB766EDEF4}.Debug|Any CPU.Build.0 = Debug|Any CPU
		{2CC9EC46-FE98-446B-B78B-19DB766EDEF4}.Release|Any CPU.ActiveCfg = Release|Any CPU
		{2CC9EC46-FE98-446B-B78B-19DB766EDEF4}.Release|Any CPU.Build.0 = Release|Any CPU
	EndGlobalSection
	GlobalSection(SolutionProperties) = preSolution
		HideSolutionNode = FALSE
	EndGlobalSection
	GlobalSection(ExtensibilityGlobals) = postSolution
		SolutionGuid = {F7F13518-86E2-484D-8200-4EDA2A7FB988}
	EndGlobalSection
EndGlobal
