
Microsoft Visual Studio Solution File, Format Version 12.00
# Visual Studio Version 17
VisualStudioVersion = 17.4.33205.214
MinimumVisualStudioVersion = 10.0.40219.1
Project("{9A19103F-16F7-4668-BE54-9A1E7A4F7556}") = "backend-part", "backend-part.csproj", "{821A87A6-A583-4399-AC36-DA0224075BA0}"
EndProject
Project("{9A19103F-16F7-4668-BE54-9A1E7A4F7556}") = "backend-part.Models", "..\backend-part.Models\backend-part.Models.csproj", "{785B8167-8092-4C58-913B-B74019AC64D8}"
EndProject
Project("{FAE04EC0-301F-11D3-BF4B-00C04F79EFBC}") = "backend-part.Services", "..\backend-part.Services\backend-part.Services.csproj", "{F4D45CBF-6B2C-46A8-B821-83C51030032F}"
EndProject
Project("{FAE04EC0-301F-11D3-BF4B-00C04F79EFBC}") = "backend-part.DataAccess", "..\backend-part.DataAccess\backend-part.DataAccess.csproj", "{9C7DAE5E-D3FB-4161-8429-7F4879AACBE4}"
EndProject
Global
	GlobalSection(SolutionConfigurationPlatforms) = preSolution
		Debug|Any CPU = Debug|Any CPU
		Release|Any CPU = Release|Any CPU
	EndGlobalSection
	GlobalSection(ProjectConfigurationPlatforms) = postSolution
		{821A87A6-A583-4399-AC36-DA0224075BA0}.Debug|Any CPU.ActiveCfg = Debug|Any CPU
		{821A87A6-A583-4399-AC36-DA0224075BA0}.Debug|Any CPU.Build.0 = Debug|Any CPU
		{821A87A6-A583-4399-AC36-DA0224075BA0}.Release|Any CPU.ActiveCfg = Release|Any CPU
		{821A87A6-A583-4399-AC36-DA0224075BA0}.Release|Any CPU.Build.0 = Release|Any CPU
		{785B8167-8092-4C58-913B-B74019AC64D8}.Debug|Any CPU.ActiveCfg = Debug|Any CPU
		{785B8167-8092-4C58-913B-B74019AC64D8}.Debug|Any CPU.Build.0 = Debug|Any CPU
		{785B8167-8092-4C58-913B-B74019AC64D8}.Release|Any CPU.ActiveCfg = Release|Any CPU
		{785B8167-8092-4C58-913B-B74019AC64D8}.Release|Any CPU.Build.0 = Release|Any CPU
		{F4D45CBF-6B2C-46A8-B821-83C51030032F}.Debug|Any CPU.ActiveCfg = Debug|Any CPU
		{F4D45CBF-6B2C-46A8-B821-83C51030032F}.Debug|Any CPU.Build.0 = Debug|Any CPU
		{F4D45CBF-6B2C-46A8-B821-83C51030032F}.Release|Any CPU.ActiveCfg = Release|Any CPU
		{F4D45CBF-6B2C-46A8-B821-83C51030032F}.Release|Any CPU.Build.0 = Release|Any CPU
		{9C7DAE5E-D3FB-4161-8429-7F4879AACBE4}.Debug|Any CPU.ActiveCfg = Debug|Any CPU
		{9C7DAE5E-D3FB-4161-8429-7F4879AACBE4}.Debug|Any CPU.Build.0 = Debug|Any CPU
		{9C7DAE5E-D3FB-4161-8429-7F4879AACBE4}.Release|Any CPU.ActiveCfg = Release|Any CPU
		{9C7DAE5E-D3FB-4161-8429-7F4879AACBE4}.Release|Any CPU.Build.0 = Release|Any CPU
	EndGlobalSection
	GlobalSection(SolutionProperties) = preSolution
		HideSolutionNode = FALSE
	EndGlobalSection
	GlobalSection(ExtensibilityGlobals) = postSolution
		SolutionGuid = {D1DDE59E-8A4A-46E1-86F3-5CEC5F70CA79}
	EndGlobalSection
EndGlobal
